
Microsoft Visual Studio Solution File, Format Version 12.00
# Visual Studio Version 16
VisualStudioVersion = 16.0.32126.315
MinimumVisualStudioVersion = 10.0.40219.1
Project("{00D1A9C2-B5F0-4AF3-8072-F6C62B433612}") = "NorthwindDW", "NorthwindDW\NorthwindDW.sqlproj", "{068FB3B3-3D64-4798-A67A-B031AEEE5122}"
	ProjectSection(ProjectDependencies) = postProject
		{9A130EFA-5602-4589-8805-1AE8722C7A72} = {9A130EFA-5602-4589-8805-1AE8722C7A72}
	EndProjectSection
EndProject
Project("{C9674DCB-5085-4A16-B785-4C70DD1589BD}") = "NorthwindETL", "NorthwindETL\NorthwindETL.dtproj", "{1B9381F3-C65C-4882-9473-F68958459EA7}"
	ProjectSection(ProjectDependencies) = postProject
		{F7B9E19F-A23F-4F3D-98BC-C4E0C008893B} = {F7B9E19F-A23F-4F3D-98BC-C4E0C008893B}
		{068FB3B3-3D64-4798-A67A-B031AEEE5122} = {068FB3B3-3D64-4798-A67A-B031AEEE5122}
		{6AD8A0C4-E11B-40E3-8F2B-F6F0DFFED640} = {6AD8A0C4-E11B-40E3-8F2B-F6F0DFFED640}
		{9A130EFA-5602-4589-8805-1AE8722C7A72} = {9A130EFA-5602-4589-8805-1AE8722C7A72}
	EndProjectSection
EndProject
Project("{F14B399A-7131-4C87-9E4B-1186C45EF12D}") = "Monitoring", "NorthwindPBIRS\Monitoring\Monitoring.rptproj", "{A7EF1BCD-A035-49E4-8702-B27A81186756}"
	ProjectSection(ProjectDependencies) = postProject
		{068FB3B3-3D64-4798-A67A-B031AEEE5122} = {068FB3B3-3D64-4798-A67A-B031AEEE5122}
	EndProjectSection
EndProject
Project("{00D1A9C2-B5F0-4AF3-8072-F6C62B433612}") = "DQS_STAGING_DATA", "DQS_STAGING_DATA\DQS_STAGING_DATA.sqlproj", "{F7B9E19F-A23F-4F3D-98BC-C4E0C008893B}"
EndProject
Project("{2150E333-8FDC-42A3-9474-1A3956D46DE8}") = "Scripts", "Scripts", "{80D86DC2-E483-4641-9320-B0D92D8E0989}"
	ProjectSection(SolutionItems) = preProject
		Scripts\installation.bat = Scripts\installation.bat
		Scripts\Runas.bat = Scripts\Runas.bat
	EndProjectSection
EndProject
Project("{00D1A9C2-B5F0-4AF3-8072-F6C62B433612}") = "NorthwindLanding", "NorthwindLanding\NorthwindLanding.sqlproj", "{9A130EFA-5602-4589-8805-1AE8722C7A72}"
EndProject
Project("{2150E333-8FDC-42A3-9474-1A3956D46DE8}") = "Docs", "Docs", "{1FE516DB-1C29-4385-B93E-D7D87B0505F2}"
	ProjectSection(SolutionItems) = preProject
		Docs\DW Hardware Spec.xlsx = Docs\DW Hardware Spec.xlsx
		Docs\Northwind BI Plan with prototype.mpp = Docs\Northwind BI Plan with prototype.mpp
		Docs\Northwind BI Plan.mpp = Docs\Northwind BI Plan.mpp
		Docs\Northwind BI Solution.docx = Docs\Northwind BI Solution.docx
		Docs\Northwind Data Profile.xml = Docs\Northwind Data Profile.xml
		Docs\Profiling.xlsx = Docs\Profiling.xlsx
		Docs\Source to target mapping.xlsx = Docs\Source to target mapping.xlsx
	EndProjectSection
EndProject
Project("{2150E333-8FDC-42A3-9474-1A3956D46DE8}") = "PBIRS", "PBIRS", "{809C7DC4-9F45-455B-B067-2A6B9AF8FB53}"
EndProject
Project("{2150E333-8FDC-42A3-9474-1A3956D46DE8}") = "Branding", "Branding", "{7FEA7D40-096A-42B1-868B-D9B9D9B7D63C}"
	ProjectSection(SolutionItems) = preProject
		NorthwindPBIRS\Branding\colors.json = NorthwindPBIRS\Branding\colors.json
		NorthwindPBIRS\Branding\logo.png = NorthwindPBIRS\Branding\logo.png
		NorthwindPBIRS\Branding\logo1.png = NorthwindPBIRS\Branding\logo1.png
		NorthwindPBIRS\Branding\logo2.png = NorthwindPBIRS\Branding\logo2.png
		NorthwindPBIRS\Branding\metadata.xml = NorthwindPBIRS\Branding\metadata.xml
		NorthwindPBIRS\Branding\Northwind.zip = NorthwindPBIRS\Branding\Northwind.zip
		NorthwindPBIRS\Branding\PowerBITheme.json = NorthwindPBIRS\Branding\PowerBITheme.json
	EndProjectSection
EndProject
Project("{00D1A9C2-B5F0-4AF3-8072-F6C62B433612}") = "NorthwindLogs", "NorthwindLogs\NorthwindLogs.sqlproj", "{6AD8A0C4-E11B-40E3-8F2B-F6F0DFFED640}"
EndProject
Project("{2150E333-8FDC-42A3-9474-1A3956D46DE8}") = "Sales", "Sales", "{93705BF3-2EE2-43CD-8FCD-AC609D455A8F}"
	ProjectSection(SolutionItems) = preProject
		NorthwindPBIRS\Sales\SalesV3.pbix = NorthwindPBIRS\Sales\SalesV3.pbix
	EndProjectSection
EndProject
Project("{2150E333-8FDC-42A3-9474-1A3956D46DE8}") = "UsersRoles", "UsersRoles", "{2157280C-94AE-447A-A955-B3E0DEAB3780}"
	ProjectSection(SolutionItems) = preProject
		Scripts\CreateDWHusers.bat = Scripts\CreateDWHusers.bat
		Scripts\CreateRoles.bat = Scripts\CreateRoles.bat
		Scripts\CreateRoles.sql = Scripts\CreateRoles.sql
		Scripts\CreateUsers.sql = Scripts\CreateUsers.sql
		Scripts\CreateUsersNew.sql = Scripts\CreateUsersNew.sql
		Scripts\New-LocalUsers.ps1 = Scripts\New-LocalUsers.ps1
	EndProjectSection
EndProject
Project("{2150E333-8FDC-42A3-9474-1A3956D46DE8}") = "SSISEnvironment", "SSISEnvironment", "{D33AAEAD-11C7-4A5E-8EB9-437BABC6F760}"
	ProjectSection(SolutionItems) = preProject
		Scripts\CleanSSISCatalog.bat = Scripts\CleanSSISCatalog.bat
		Scripts\CleanSSISCatalog.sql = Scripts\CleanSSISCatalog.sql
		Scripts\CreateEnvironment.sql = Scripts\CreateEnvironment.sql
		Scripts\CreateSSISenvironment.bat = Scripts\CreateSSISenvironment.bat
		Scripts\ExecuteTestPackage.bat = Scripts\ExecuteTestPackage.bat
		Scripts\ExecuteTestPackage1.bat = Scripts\ExecuteTestPackage1.bat
		Scripts\GetEnvironmentID.sql = Scripts\GetEnvironmentID.sql
		Scripts\SetEnvironmentVars.sql = Scripts\SetEnvironmentVars.sql
		Scripts\SetSSISenvironmentVars.bat = Scripts\SetSSISenvironmentVars.bat
	EndProjectSection
EndProject
Project("{2150E333-8FDC-42A3-9474-1A3956D46DE8}") = "DQSMDS", "DQSMDS", "{096499C9-47DC-4E13-8F09-FE406A86E35E}"
	ProjectSection(SolutionItems) = preProject
		Scripts\ExportDQS.bat = Scripts\ExportDQS.bat
		Scripts\ExportMDS.bat = Scripts\ExportMDS.bat
		Scripts\ImportMDSDQS.bat = Scripts\ImportMDSDQS.bat
	EndProjectSection
EndProject
Project("{2150E333-8FDC-42A3-9474-1A3956D46DE8}") = "DropRestore", "DropRestore", "{54F61419-A4FB-42CB-96F5-80F51CA1E3AC}"
	ProjectSection(SolutionItems) = preProject
		Scripts\DropDatabase.sql = Scripts\DropDatabase.sql
		Scripts\RestoreDatabase.sql = Scripts\RestoreDatabase.sql
	EndProjectSection
EndProject
Project("{2150E333-8FDC-42A3-9474-1A3956D46DE8}") = "REST API", "REST API", "{04B583DA-CAD2-40CE-801C-51106806F765}"
	ProjectSection(SolutionItems) = preProject
		Scripts\RefreshSalesV2PBIreport.ps1 = Scripts\RefreshSalesV2PBIreport.ps1
	EndProjectSection
EndProject
Project("{2150E333-8FDC-42A3-9474-1A3956D46DE8}") = "bcp", "bcp", "{560D9101-01C3-462E-89BD-ACEE8E2D82BC}"
	ProjectSection(SolutionItems) = preProject
		Scripts\bcp.bat = Scripts\bcp.bat
		IngestData\Categories.dat = IngestData\Categories.dat
		IngestData\Categories.fmt = IngestData\Categories.fmt
		IngestData\Customers.dat = IngestData\Customers.dat
		IngestData\Customers.fmt = IngestData\Customers.fmt
		IngestData\Employees.dat = IngestData\Employees.dat
		IngestData\Employees.fmt = IngestData\Employees.fmt
		IngestData\Order Details.dat = IngestData\Order Details.dat
		IngestData\Order Details.fmt = IngestData\Order Details.fmt
		IngestData\Orders.dat = IngestData\Orders.dat
		IngestData\Orders.fmt = IngestData\Orders.fmt
		IngestData\Products.dat = IngestData\Products.dat
		IngestData\Products.fmt = IngestData\Products.fmt
	EndProjectSection
EndProject
Project("{2150E333-8FDC-42A3-9474-1A3956D46DE8}") = "ReadMe", "ReadMe", "{501EBB83-0039-423C-9C26-F5813B181E30}"
	ProjectSection(SolutionItems) = preProject
		ReadMe.md = ReadMe.md
	EndProjectSection
EndProject
Project("{FAE04EC0-301F-11D3-BF4B-00C04F79EFBC}") = "UnitTestsDW", "UnitTestsDW\UnitTestsDW.csproj", "{75108A59-4F5D-4FD0-A64E-679D80512433}"
EndProject
Project("{2150E333-8FDC-42A3-9474-1A3956D46DE8}") = "Wiki", "Wiki", "{715EFA51-98F0-40D9-B3A2-A5D1EB0B4ED7}"
	ProjectSection(SolutionItems) = preProject
		Wiki\.order = Wiki\.order
		Wiki\Home.md = Wiki\Home.md
	EndProjectSection
EndProject
Project("{2150E333-8FDC-42A3-9474-1A3956D46DE8}") = "Xevents", "Xevents", "{2984352C-9014-4A9B-A249-12F253744758}"
	ProjectSection(SolutionItems) = preProject
		Scripts\xevents.sql = Scripts\xevents.sql
	EndProjectSection
EndProject
Project("{2150E333-8FDC-42A3-9474-1A3956D46DE8}") = "Maintenance", "Maintenance", "{A4261E3C-9990-4C0A-85F4-C428C5D282AC}"
	ProjectSection(SolutionItems) = preProject
		Scripts\BackupDWH.sql = Scripts\BackupDWH.sql
		Scripts\CleanUpMDSStagingTables.sql = Scripts\CleanUpMDSStagingTables.sql
		Scripts\CleanUpMDSTransactions.sql = Scripts\CleanUpMDSTransactions.sql
		Scripts\CopyDWHMetadata.sql = Scripts\CopyDWHMetadata.sql
	EndProjectSection
EndProject
Global
	GlobalSection(SolutionConfigurationPlatforms) = preSolution
		Debug|Any CPU = Debug|Any CPU
		Release|Any CPU = Release|Any CPU
	EndGlobalSection
	GlobalSection(ProjectConfigurationPlatforms) = postSolution
		{068FB3B3-3D64-4798-A67A-B031AEEE5122}.Debug|Any CPU.ActiveCfg = Debug|Any CPU
		{068FB3B3-3D64-4798-A67A-B031AEEE5122}.Debug|Any CPU.Build.0 = Debug|Any CPU
		{068FB3B3-3D64-4798-A67A-B031AEEE5122}.Debug|Any CPU.Deploy.0 = Debug|Any CPU
		{068FB3B3-3D64-4798-A67A-B031AEEE5122}.Release|Any CPU.ActiveCfg = Release|Any CPU
		{068FB3B3-3D64-4798-A67A-B031AEEE5122}.Release|Any CPU.Build.0 = Release|Any CPU
		{068FB3B3-3D64-4798-A67A-B031AEEE5122}.Release|Any CPU.Deploy.0 = Release|Any CPU
		{1B9381F3-C65C-4882-9473-F68958459EA7}.Debug|Any CPU.ActiveCfg = Debug
		{1B9381F3-C65C-4882-9473-F68958459EA7}.Debug|Any CPU.Build.0 = Debug
		{1B9381F3-C65C-4882-9473-F68958459EA7}.Release|Any CPU.ActiveCfg = Release
		{1B9381F3-C65C-4882-9473-F68958459EA7}.Release|Any CPU.Build.0 = Release
		{A7EF1BCD-A035-49E4-8702-B27A81186756}.Debug|Any CPU.ActiveCfg = Debug
		{A7EF1BCD-A035-49E4-8702-B27A81186756}.Debug|Any CPU.Build.0 = Debug
		{A7EF1BCD-A035-49E4-8702-B27A81186756}.Release|Any CPU.ActiveCfg = Release
		{A7EF1BCD-A035-49E4-8702-B27A81186756}.Release|Any CPU.Build.0 = Release
		{F7B9E19F-A23F-4F3D-98BC-C4E0C008893B}.Debug|Any CPU.ActiveCfg = Debug|Any CPU
		{F7B9E19F-A23F-4F3D-98BC-C4E0C008893B}.Debug|Any CPU.Build.0 = Debug|Any CPU
		{F7B9E19F-A23F-4F3D-98BC-C4E0C008893B}.Debug|Any CPU.Deploy.0 = Debug|Any CPU
		{F7B9E19F-A23F-4F3D-98BC-C4E0C008893B}.Release|Any CPU.ActiveCfg = Release|Any CPU
		{F7B9E19F-A23F-4F3D-98BC-C4E0C008893B}.Release|Any CPU.Build.0 = Release|Any CPU
		{F7B9E19F-A23F-4F3D-98BC-C4E0C008893B}.Release|Any CPU.Deploy.0 = Release|Any CPU
		{9A130EFA-5602-4589-8805-1AE8722C7A72}.Debug|Any CPU.ActiveCfg = Debug|Any CPU
		{9A130EFA-5602-4589-8805-1AE8722C7A72}.Debug|Any CPU.Build.0 = Debug|Any CPU
		{9A130EFA-5602-4589-8805-1AE8722C7A72}.Debug|Any CPU.Deploy.0 = Debug|Any CPU
		{9A130EFA-5602-4589-8805-1AE8722C7A72}.Release|Any CPU.ActiveCfg = Release|Any CPU
		{9A130EFA-5602-4589-8805-1AE8722C7A72}.Release|Any CPU.Build.0 = Release|Any CPU
		{9A130EFA-5602-4589-8805-1AE8722C7A72}.Release|Any CPU.Deploy.0 = Release|Any CPU
		{6AD8A0C4-E11B-40E3-8F2B-F6F0DFFED640}.Debug|Any CPU.ActiveCfg = Debug|Any CPU
		{6AD8A0C4-E11B-40E3-8F2B-F6F0DFFED640}.Debug|Any CPU.Build.0 = Debug|Any CPU
		{6AD8A0C4-E11B-40E3-8F2B-F6F0DFFED640}.Debug|Any CPU.Deploy.0 = Debug|Any CPU
		{6AD8A0C4-E11B-40E3-8F2B-F6F0DFFED640}.Release|Any CPU.ActiveCfg = Release|Any CPU
		{6AD8A0C4-E11B-40E3-8F2B-F6F0DFFED640}.Release|Any CPU.Build.0 = Release|Any CPU
		{6AD8A0C4-E11B-40E3-8F2B-F6F0DFFED640}.Release|Any CPU.Deploy.0 = Release|Any CPU
		{75108A59-4F5D-4FD0-A64E-679D80512433}.Debug|Any CPU.ActiveCfg = Debug|Any CPU
		{75108A59-4F5D-4FD0-A64E-679D80512433}.Debug|Any CPU.Build.0 = Debug|Any CPU
		{75108A59-4F5D-4FD0-A64E-679D80512433}.Release|Any CPU.ActiveCfg = Release|Any CPU
		{75108A59-4F5D-4FD0-A64E-679D80512433}.Release|Any CPU.Build.0 = Release|Any CPU
	EndGlobalSection
	GlobalSection(SolutionProperties) = preSolution
		HideSolutionNode = FALSE
	EndGlobalSection
	GlobalSection(NestedProjects) = preSolution
		{7FEA7D40-096A-42B1-868B-D9B9D9B7D63C} = {809C7DC4-9F45-455B-B067-2A6B9AF8FB53}
		{93705BF3-2EE2-43CD-8FCD-AC609D455A8F} = {809C7DC4-9F45-455B-B067-2A6B9AF8FB53}
		{2157280C-94AE-447A-A955-B3E0DEAB3780} = {80D86DC2-E483-4641-9320-B0D92D8E0989}
		{D33AAEAD-11C7-4A5E-8EB9-437BABC6F760} = {80D86DC2-E483-4641-9320-B0D92D8E0989}
		{096499C9-47DC-4E13-8F09-FE406A86E35E} = {80D86DC2-E483-4641-9320-B0D92D8E0989}
		{54F61419-A4FB-42CB-96F5-80F51CA1E3AC} = {A4261E3C-9990-4C0A-85F4-C428C5D282AC}
		{04B583DA-CAD2-40CE-801C-51106806F765} = {809C7DC4-9F45-455B-B067-2A6B9AF8FB53}
		{560D9101-01C3-462E-89BD-ACEE8E2D82BC} = {80D86DC2-E483-4641-9320-B0D92D8E0989}
		{2984352C-9014-4A9B-A249-12F253744758} = {80D86DC2-E483-4641-9320-B0D92D8E0989}
		{A4261E3C-9990-4C0A-85F4-C428C5D282AC} = {80D86DC2-E483-4641-9320-B0D92D8E0989}
	EndGlobalSection
	GlobalSection(ExtensibilityGlobals) = postSolution
		SolutionGuid = {B1724A30-1651-427A-BCFE-A212835CF540}
	EndGlobalSection
EndGlobal
