
Microsoft Visual Studio Solution File, Format Version 12.00
# Visual Studio Version 16
VisualStudioVersion = 16.0.32126.315
MinimumVisualStudioVersion = 10.0.40219.1
Project("{00D1A9C2-B5F0-4AF3-8072-F6C62B433612}") = "NorthwindDW", "NorthwindDW\NorthwindDW.sqlproj", "{068FB3B3-3D64-4798-A67A-B031AEEE5122}"
EndProject
Project("{C9674DCB-5085-4A16-B785-4C70DD1589BD}") = "NorthwindETL", "NorthwindETL\NorthwindETL.dtproj", "{1B9381F3-C65C-4882-9473-F68958459EA7}"
EndProject
Project("{00D1A9C2-B5F0-4AF3-8072-F6C62B433612}") = "Northwind (упрощённая)", "Northwind (упрощённая)\Northwind (упрощённая).sqlproj", "{061ADC21-B6EA-4F80-904F-DAE931E3C6EB}"
EndProject
Project("{F14B399A-7131-4C87-9E4B-1186C45EF12D}") = "Monitoring", "NorthwindPBIRS\Monitoring\Monitoring.rptproj", "{A7EF1BCD-A035-49E4-8702-B27A81186756}"
EndProject
Project("{2150E333-8FDC-42A3-9474-1A3956D46DE8}") = "Power BI Service", "Power BI Service", "{A0AB77A1-E7C6-463E-94BC-202830B74E9F}"
	ProjectSection(SolutionItems) = preProject
		Power BI Service\Customer Country & Product Categoty Analysis.pbix = Power BI Service\Customer Country & Product Categoty Analysis.pbix
		Power BI Service\Template.pbix = Power BI Service\Template.pbix
		Power BI Service\Time Intelligance.pbix = Power BI Service\Time Intelligance.pbix
	EndProjectSection
EndProject
Project("{00D1A9C2-B5F0-4AF3-8072-F6C62B433612}") = "DQS_STAGING_DATA", "DQS_STAGING_DATA\DQS_STAGING_DATA.sqlproj", "{F7B9E19F-A23F-4F3D-98BC-C4E0C008893B}"
EndProject
Project("{00D1A9C2-B5F0-4AF3-8072-F6C62B433612}") = "Logs", "Logs\Logs.sqlproj", "{59EB6F79-D19D-40FC-B47C-82E0B238F959}"
EndProject
Project("{2150E333-8FDC-42A3-9474-1A3956D46DE8}") = "cmd", "cmd", "{80D86DC2-E483-4641-9320-B0D92D8E0989}"
	ProjectSection(SolutionItems) = preProject
		cmd\CreateDWHusers.bat = cmd\CreateDWHusers.bat
		cmd\CreateSSISenvironment.bat = cmd\CreateSSISenvironment.bat
		cmd\ExecuteTestPackage.bat = cmd\ExecuteTestPackage.bat
		cmd\RunasUserBI.bat = cmd\RunasUserBI.bat
		cmd\SetFilegroupReadOnly.bat = cmd\SetFilegroupReadOnly.bat
		cmd\SetSSISenvironmentVars.bat = cmd\SetSSISenvironmentVars.bat
	EndProjectSection
EndProject
Global
	GlobalSection(SolutionConfigurationPlatforms) = preSolution
		Debug|Any CPU = Debug|Any CPU
		Release|Any CPU = Release|Any CPU
	EndGlobalSection
	GlobalSection(ProjectConfigurationPlatforms) = postSolution
		{068FB3B3-3D64-4798-A67A-B031AEEE5122}.Debug|Any CPU.ActiveCfg = Debug|Any CPU
		{068FB3B3-3D64-4798-A67A-B031AEEE5122}.Debug|Any CPU.Build.0 = Debug|Any CPU
		{068FB3B3-3D64-4798-A67A-B031AEEE5122}.Debug|Any CPU.Deploy.0 = Debug|Any CPU
		{068FB3B3-3D64-4798-A67A-B031AEEE5122}.Release|Any CPU.ActiveCfg = Release|Any CPU
		{068FB3B3-3D64-4798-A67A-B031AEEE5122}.Release|Any CPU.Build.0 = Release|Any CPU
		{068FB3B3-3D64-4798-A67A-B031AEEE5122}.Release|Any CPU.Deploy.0 = Release|Any CPU
		{1B9381F3-C65C-4882-9473-F68958459EA7}.Debug|Any CPU.ActiveCfg = Debug
		{1B9381F3-C65C-4882-9473-F68958459EA7}.Debug|Any CPU.Build.0 = Debug
		{1B9381F3-C65C-4882-9473-F68958459EA7}.Release|Any CPU.ActiveCfg = Release
		{1B9381F3-C65C-4882-9473-F68958459EA7}.Release|Any CPU.Build.0 = Release
		{061ADC21-B6EA-4F80-904F-DAE931E3C6EB}.Debug|Any CPU.ActiveCfg = Debug|Any CPU
		{061ADC21-B6EA-4F80-904F-DAE931E3C6EB}.Debug|Any CPU.Build.0 = Debug|Any CPU
		{061ADC21-B6EA-4F80-904F-DAE931E3C6EB}.Debug|Any CPU.Deploy.0 = Debug|Any CPU
		{061ADC21-B6EA-4F80-904F-DAE931E3C6EB}.Release|Any CPU.ActiveCfg = Release|Any CPU
		{061ADC21-B6EA-4F80-904F-DAE931E3C6EB}.Release|Any CPU.Build.0 = Release|Any CPU
		{061ADC21-B6EA-4F80-904F-DAE931E3C6EB}.Release|Any CPU.Deploy.0 = Release|Any CPU
		{A7EF1BCD-A035-49E4-8702-B27A81186756}.Debug|Any CPU.ActiveCfg = Debug
		{A7EF1BCD-A035-49E4-8702-B27A81186756}.Debug|Any CPU.Build.0 = Debug
		{A7EF1BCD-A035-49E4-8702-B27A81186756}.Debug|Any CPU.Deploy.0 = Debug
		{A7EF1BCD-A035-49E4-8702-B27A81186756}.Release|Any CPU.ActiveCfg = Release
		{A7EF1BCD-A035-49E4-8702-B27A81186756}.Release|Any CPU.Build.0 = Release
		{A7EF1BCD-A035-49E4-8702-B27A81186756}.Release|Any CPU.Deploy.0 = Release
		{F7B9E19F-A23F-4F3D-98BC-C4E0C008893B}.Debug|Any CPU.ActiveCfg = Debug|Any CPU
		{F7B9E19F-A23F-4F3D-98BC-C4E0C008893B}.Debug|Any CPU.Build.0 = Debug|Any CPU
		{F7B9E19F-A23F-4F3D-98BC-C4E0C008893B}.Debug|Any CPU.Deploy.0 = Debug|Any CPU
		{F7B9E19F-A23F-4F3D-98BC-C4E0C008893B}.Release|Any CPU.ActiveCfg = Release|Any CPU
		{F7B9E19F-A23F-4F3D-98BC-C4E0C008893B}.Release|Any CPU.Build.0 = Release|Any CPU
		{F7B9E19F-A23F-4F3D-98BC-C4E0C008893B}.Release|Any CPU.Deploy.0 = Release|Any CPU
		{59EB6F79-D19D-40FC-B47C-82E0B238F959}.Debug|Any CPU.ActiveCfg = Debug|Any CPU
		{59EB6F79-D19D-40FC-B47C-82E0B238F959}.Debug|Any CPU.Build.0 = Debug|Any CPU
		{59EB6F79-D19D-40FC-B47C-82E0B238F959}.Debug|Any CPU.Deploy.0 = Debug|Any CPU
		{59EB6F79-D19D-40FC-B47C-82E0B238F959}.Release|Any CPU.ActiveCfg = Release|Any CPU
		{59EB6F79-D19D-40FC-B47C-82E0B238F959}.Release|Any CPU.Build.0 = Release|Any CPU
		{59EB6F79-D19D-40FC-B47C-82E0B238F959}.Release|Any CPU.Deploy.0 = Release|Any CPU
	EndGlobalSection
	GlobalSection(SolutionProperties) = preSolution
		HideSolutionNode = FALSE
	EndGlobalSection
	GlobalSection(ExtensibilityGlobals) = postSolution
		SolutionGuid = {B1724A30-1651-427A-BCFE-A212835CF540}
	EndGlobalSection
EndGlobal
