
Microsoft Visual Studio Solution File, Format Version 12.00
# Visual Studio Version 17
VisualStudioVersion = 17.11.35208.52
MinimumVisualStudioVersion = 10.0.40219.1
Project("{00D1A9C2-B5F0-4AF3-8072-F6C62B433612}") = "NorthwindDW", "NorthwindDW\NorthwindDW.sqlproj", "{068FB3B3-3D64-4798-A67A-B031AEEE5122}"
EndProject
Project("{C9674DCB-5085-4A16-B785-4C70DD1589BD}") = "NorthwindETL", "NorthwindETL\NorthwindETL.dtproj", "{1B9381F3-C65C-4882-9473-F68958459EA7}"
	ProjectSection(ProjectDependencies) = postProject
		{068FB3B3-3D64-4798-A67A-B031AEEE5122} = {068FB3B3-3D64-4798-A67A-B031AEEE5122}
		{6AD8A0C4-E11B-40E3-8F2B-F6F0DFFED640} = {6AD8A0C4-E11B-40E3-8F2B-F6F0DFFED640}
		{9A130EFA-5602-4589-8805-1AE8722C7A72} = {9A130EFA-5602-4589-8805-1AE8722C7A72}
		{F7B9E19F-A23F-4F3D-98BC-C4E0C008893B} = {F7B9E19F-A23F-4F3D-98BC-C4E0C008893B}
	EndProjectSection
EndProject
Project("{F14B399A-7131-4C87-9E4B-1186C45EF12D}") = "Monitoring", "NorthwindPBIRS\Monitoring\Monitoring.rptproj", "{A7EF1BCD-A035-49E4-8702-B27A81186756}"
	ProjectSection(ProjectDependencies) = postProject
		{068FB3B3-3D64-4798-A67A-B031AEEE5122} = {068FB3B3-3D64-4798-A67A-B031AEEE5122}
		{1B9381F3-C65C-4882-9473-F68958459EA7} = {1B9381F3-C65C-4882-9473-F68958459EA7}
		{6AD8A0C4-E11B-40E3-8F2B-F6F0DFFED640} = {6AD8A0C4-E11B-40E3-8F2B-F6F0DFFED640}
		{9A130EFA-5602-4589-8805-1AE8722C7A72} = {9A130EFA-5602-4589-8805-1AE8722C7A72}
		{F7B9E19F-A23F-4F3D-98BC-C4E0C008893B} = {F7B9E19F-A23F-4F3D-98BC-C4E0C008893B}
	EndProjectSection
EndProject
Project("{00D1A9C2-B5F0-4AF3-8072-F6C62B433612}") = "DQS_STAGING_DATA", "DQS_STAGING_DATA\DQS_STAGING_DATA.sqlproj", "{F7B9E19F-A23F-4F3D-98BC-C4E0C008893B}"
EndProject
Project("{2150E333-8FDC-42A3-9474-1A3956D46DE8}") = "Scripts", "Scripts", "{80D86DC2-E483-4641-9320-B0D92D8E0989}"
	ProjectSection(SolutionItems) = preProject
		Scripts\Runas.bat = Scripts\Runas.bat
		Scripts\VariableGroup.sql = Scripts\VariableGroup.sql
	EndProjectSection
EndProject
Project("{00D1A9C2-B5F0-4AF3-8072-F6C62B433612}") = "NorthwindLanding", "NorthwindLanding\NorthwindLanding.sqlproj", "{9A130EFA-5602-4589-8805-1AE8722C7A72}"
EndProject
Project("{2150E333-8FDC-42A3-9474-1A3956D46DE8}") = "Docs", "Docs", "{1FE516DB-1C29-4385-B93E-D7D87B0505F2}"
	ProjectSection(SolutionItems) = preProject
		Docs\DW Hardware Spec.xlsx = Docs\DW Hardware Spec.xlsx
		Docs\Northwind BI Solution.docx = Docs\Northwind BI Solution.docx
		Docs\Northwind Data Profile.xml = Docs\Northwind Data Profile.xml
		Docs\Profiling.xlsx = Docs\Profiling.xlsx
		Docs\Project estimation.xltx = Docs\Project estimation.xltx
		Docs\Source to target mapping.xlsx = Docs\Source to target mapping.xlsx
	EndProjectSection
EndProject
Project("{2150E333-8FDC-42A3-9474-1A3956D46DE8}") = "Data Analysis", "Data Analysis", "{809C7DC4-9F45-455B-B067-2A6B9AF8FB53}"
EndProject
Project("{2150E333-8FDC-42A3-9474-1A3956D46DE8}") = "Branding", "Branding", "{7FEA7D40-096A-42B1-868B-D9B9D9B7D63C}"
	ProjectSection(SolutionItems) = preProject
		NorthwindPBIRS\Branding\colors.json = NorthwindPBIRS\Branding\colors.json
		NorthwindPBIRS\Branding\logo.png = NorthwindPBIRS\Branding\logo.png
		NorthwindPBIRS\Branding\logo1.png = NorthwindPBIRS\Branding\logo1.png
		NorthwindPBIRS\Branding\logo2.png = NorthwindPBIRS\Branding\logo2.png
		NorthwindPBIRS\Branding\metadata.xml = NorthwindPBIRS\Branding\metadata.xml
		NorthwindPBIRS\Branding\Northwind.zip = NorthwindPBIRS\Branding\Northwind.zip
		NorthwindPBIRS\Branding\PowerBITheme.json = NorthwindPBIRS\Branding\PowerBITheme.json
	EndProjectSection
EndProject
Project("{00D1A9C2-B5F0-4AF3-8072-F6C62B433612}") = "NorthwindLogs", "NorthwindLogs\NorthwindLogs.sqlproj", "{6AD8A0C4-E11B-40E3-8F2B-F6F0DFFED640}"
EndProject
Project("{2150E333-8FDC-42A3-9474-1A3956D46DE8}") = "Sales", "Sales", "{93705BF3-2EE2-43CD-8FCD-AC609D455A8F}"
	ProjectSection(SolutionItems) = preProject
		NorthwindPBIRS\Sales\SalesV3.pbix = NorthwindPBIRS\Sales\SalesV3.pbix
	EndProjectSection
EndProject
Project("{2150E333-8FDC-42A3-9474-1A3956D46DE8}") = "RolesLoginsUsers", "RolesLoginsUsers", "{2157280C-94AE-447A-A955-B3E0DEAB3780}"
	ProjectSection(SolutionItems) = preProject
		Scripts\CreateLogins.sql = Scripts\CreateLogins.sql
		Scripts\CreateRoles.sql = Scripts\CreateRoles.sql
		Scripts\CreateUsers.sql = Scripts\CreateUsers.sql
		Scripts\New-LocalUsers.ps1 = Scripts\New-LocalUsers.ps1
	EndProjectSection
EndProject
Project("{2150E333-8FDC-42A3-9474-1A3956D46DE8}") = "SSIS", "SSIS", "{D33AAEAD-11C7-4A5E-8EB9-437BABC6F760}"
	ProjectSection(SolutionItems) = preProject
		Scripts\CleanSSISCatalog.sql = Scripts\CleanSSISCatalog.sql
		Scripts\CreateEnvironment.sql = Scripts\CreateEnvironment.sql
		Scripts\GetEnvironmentID.sql = Scripts\GetEnvironmentID.sql
		Scripts\SetEnvironmentVars.sql = Scripts\SetEnvironmentVars.sql
	EndProjectSection
EndProject
Project("{2150E333-8FDC-42A3-9474-1A3956D46DE8}") = "DQSMDS", "DQSMDS", "{096499C9-47DC-4E13-8F09-FE406A86E35E}"
	ProjectSection(SolutionItems) = preProject
		Scripts\ExportDQS.bat = Scripts\ExportDQS.bat
		Scripts\ExportMDS.bat = Scripts\ExportMDS.bat
		Scripts\ImportMDSDQS.bat = Scripts\ImportMDSDQS.bat
	EndProjectSection
EndProject
Project("{2150E333-8FDC-42A3-9474-1A3956D46DE8}") = "bcp", "bcp", "{560D9101-01C3-462E-89BD-ACEE8E2D82BC}"
	ProjectSection(SolutionItems) = preProject
		Scripts\bcp.bat = Scripts\bcp.bat
	EndProjectSection
EndProject
Project("{2150E333-8FDC-42A3-9474-1A3956D46DE8}") = "ReadMe", "ReadMe", "{501EBB83-0039-423C-9C26-F5813B181E30}"
	ProjectSection(SolutionItems) = preProject
		ReadMe.md = ReadMe.md
	EndProjectSection
EndProject
Project("{2150E333-8FDC-42A3-9474-1A3956D46DE8}") = "Wiki", "Wiki", "{715EFA51-98F0-40D9-B3A2-A5D1EB0B4ED7}"
	ProjectSection(SolutionItems) = preProject
		Wiki\.order = Wiki\.order
		Wiki\Home.md = Wiki\Home.md
	EndProjectSection
EndProject
Project("{2150E333-8FDC-42A3-9474-1A3956D46DE8}") = "Xevents", "Xevents", "{2984352C-9014-4A9B-A249-12F253744758}"
	ProjectSection(SolutionItems) = preProject
		Scripts\xevents.sql = Scripts\xevents.sql
	EndProjectSection
EndProject
Project("{FAE04EC0-301F-11D3-BF4B-00C04F79EFBC}") = "NorthwindETLTest", "NorthwindETLTest\NorthwindETLTest.csproj", "{96B676FB-7A1A-4D0A-92AC-6F4662B57F15}"
	ProjectSection(ProjectDependencies) = postProject
		{068FB3B3-3D64-4798-A67A-B031AEEE5122} = {068FB3B3-3D64-4798-A67A-B031AEEE5122}
		{1B9381F3-C65C-4882-9473-F68958459EA7} = {1B9381F3-C65C-4882-9473-F68958459EA7}
		{6AD8A0C4-E11B-40E3-8F2B-F6F0DFFED640} = {6AD8A0C4-E11B-40E3-8F2B-F6F0DFFED640}
		{9A130EFA-5602-4589-8805-1AE8722C7A72} = {9A130EFA-5602-4589-8805-1AE8722C7A72}
		{F7B9E19F-A23F-4F3D-98BC-C4E0C008893B} = {F7B9E19F-A23F-4F3D-98BC-C4E0C008893B}
	EndProjectSection
EndProject
Project("{F14B399A-7131-4C87-9E4B-1186C45EF12D}") = "SalesReports", "NorthwindPBIRS\SalesReports\SalesReports.rptproj", "{0C02380D-0266-4C28-AF3E-82E70C8A5E91}"
EndProject
Project("{2150E333-8FDC-42A3-9474-1A3956D46DE8}") = "Data Engineering", "Data Engineering", "{A0A3FA90-7B3C-4D6E-8271-1119C3618FEC}"
	ProjectSection(SolutionItems) = preProject
		test.runsettings = test.runsettings
	EndProjectSection
EndProject
Project("{2150E333-8FDC-42A3-9474-1A3956D46DE8}") = "DWH Maintenance", "DWH Maintenance", "{32FCD831-E054-4400-AE24-49326C003C5B}"
	ProjectSection(SolutionItems) = preProject
		Scripts\DWH Backup.sql = Scripts\DWH Backup.sql
		Scripts\Optimize Indexes.sql = Scripts\Optimize Indexes.sql
	EndProjectSection
EndProject
Global
	GlobalSection(SolutionConfigurationPlatforms) = preSolution
		Debug|Any CPU = Debug|Any CPU
		Release|Any CPU = Release|Any CPU
	EndGlobalSection
	GlobalSection(ProjectConfigurationPlatforms) = postSolution
		{068FB3B3-3D64-4798-A67A-B031AEEE5122}.Debug|Any CPU.ActiveCfg = Debug|Any CPU
		{068FB3B3-3D64-4798-A67A-B031AEEE5122}.Debug|Any CPU.Build.0 = Debug|Any CPU
		{068FB3B3-3D64-4798-A67A-B031AEEE5122}.Debug|Any CPU.Deploy.0 = Debug|Any CPU
		{068FB3B3-3D64-4798-A67A-B031AEEE5122}.Release|Any CPU.ActiveCfg = Release|Any CPU
		{068FB3B3-3D64-4798-A67A-B031AEEE5122}.Release|Any CPU.Build.0 = Release|Any CPU
		{068FB3B3-3D64-4798-A67A-B031AEEE5122}.Release|Any CPU.Deploy.0 = Release|Any CPU
		{1B9381F3-C65C-4882-9473-F68958459EA7}.Debug|Any CPU.ActiveCfg = Debug
		{1B9381F3-C65C-4882-9473-F68958459EA7}.Debug|Any CPU.Build.0 = Debug
		{1B9381F3-C65C-4882-9473-F68958459EA7}.Release|Any CPU.ActiveCfg = Release
		{1B9381F3-C65C-4882-9473-F68958459EA7}.Release|Any CPU.Build.0 = Release
		{A7EF1BCD-A035-49E4-8702-B27A81186756}.Debug|Any CPU.ActiveCfg = Debug
		{A7EF1BCD-A035-49E4-8702-B27A81186756}.Debug|Any CPU.Build.0 = Debug
		{A7EF1BCD-A035-49E4-8702-B27A81186756}.Release|Any CPU.ActiveCfg = Release
		{A7EF1BCD-A035-49E4-8702-B27A81186756}.Release|Any CPU.Build.0 = Release
		{F7B9E19F-A23F-4F3D-98BC-C4E0C008893B}.Debug|Any CPU.ActiveCfg = Debug|Any CPU
		{F7B9E19F-A23F-4F3D-98BC-C4E0C008893B}.Debug|Any CPU.Build.0 = Debug|Any CPU
		{F7B9E19F-A23F-4F3D-98BC-C4E0C008893B}.Debug|Any CPU.Deploy.0 = Debug|Any CPU
		{F7B9E19F-A23F-4F3D-98BC-C4E0C008893B}.Release|Any CPU.ActiveCfg = Release|Any CPU
		{F7B9E19F-A23F-4F3D-98BC-C4E0C008893B}.Release|Any CPU.Build.0 = Release|Any CPU
		{F7B9E19F-A23F-4F3D-98BC-C4E0C008893B}.Release|Any CPU.Deploy.0 = Release|Any CPU
		{9A130EFA-5602-4589-8805-1AE8722C7A72}.Debug|Any CPU.ActiveCfg = Debug|Any CPU
		{9A130EFA-5602-4589-8805-1AE8722C7A72}.Debug|Any CPU.Build.0 = Debug|Any CPU
		{9A130EFA-5602-4589-8805-1AE8722C7A72}.Debug|Any CPU.Deploy.0 = Debug|Any CPU
		{9A130EFA-5602-4589-8805-1AE8722C7A72}.Release|Any CPU.ActiveCfg = Release|Any CPU
		{9A130EFA-5602-4589-8805-1AE8722C7A72}.Release|Any CPU.Build.0 = Release|Any CPU
		{9A130EFA-5602-4589-8805-1AE8722C7A72}.Release|Any CPU.Deploy.0 = Release|Any CPU
		{6AD8A0C4-E11B-40E3-8F2B-F6F0DFFED640}.Debug|Any CPU.ActiveCfg = Debug|Any CPU
		{6AD8A0C4-E11B-40E3-8F2B-F6F0DFFED640}.Debug|Any CPU.Build.0 = Debug|Any CPU
		{6AD8A0C4-E11B-40E3-8F2B-F6F0DFFED640}.Debug|Any CPU.Deploy.0 = Debug|Any CPU
		{6AD8A0C4-E11B-40E3-8F2B-F6F0DFFED640}.Release|Any CPU.ActiveCfg = Release|Any CPU
		{6AD8A0C4-E11B-40E3-8F2B-F6F0DFFED640}.Release|Any CPU.Build.0 = Release|Any CPU
		{6AD8A0C4-E11B-40E3-8F2B-F6F0DFFED640}.Release|Any CPU.Deploy.0 = Release|Any CPU
		{96B676FB-7A1A-4D0A-92AC-6F4662B57F15}.Debug|Any CPU.ActiveCfg = Debug|Any CPU
		{96B676FB-7A1A-4D0A-92AC-6F4662B57F15}.Debug|Any CPU.Build.0 = Debug|Any CPU
		{96B676FB-7A1A-4D0A-92AC-6F4662B57F15}.Release|Any CPU.ActiveCfg = Release|Any CPU
		{96B676FB-7A1A-4D0A-92AC-6F4662B57F15}.Release|Any CPU.Build.0 = Release|Any CPU
		{0C02380D-0266-4C28-AF3E-82E70C8A5E91}.Debug|Any CPU.ActiveCfg = Debug
		{0C02380D-0266-4C28-AF3E-82E70C8A5E91}.Debug|Any CPU.Build.0 = Debug
		{0C02380D-0266-4C28-AF3E-82E70C8A5E91}.Release|Any CPU.ActiveCfg = Release
		{0C02380D-0266-4C28-AF3E-82E70C8A5E91}.Release|Any CPU.Build.0 = Release
	EndGlobalSection
	GlobalSection(SolutionProperties) = preSolution
		HideSolutionNode = FALSE
	EndGlobalSection
	GlobalSection(NestedProjects) = preSolution
		{068FB3B3-3D64-4798-A67A-B031AEEE5122} = {A0A3FA90-7B3C-4D6E-8271-1119C3618FEC}
		{1B9381F3-C65C-4882-9473-F68958459EA7} = {A0A3FA90-7B3C-4D6E-8271-1119C3618FEC}
		{A7EF1BCD-A035-49E4-8702-B27A81186756} = {809C7DC4-9F45-455B-B067-2A6B9AF8FB53}
		{F7B9E19F-A23F-4F3D-98BC-C4E0C008893B} = {A0A3FA90-7B3C-4D6E-8271-1119C3618FEC}
		{80D86DC2-E483-4641-9320-B0D92D8E0989} = {A0A3FA90-7B3C-4D6E-8271-1119C3618FEC}
		{9A130EFA-5602-4589-8805-1AE8722C7A72} = {A0A3FA90-7B3C-4D6E-8271-1119C3618FEC}
		{7FEA7D40-096A-42B1-868B-D9B9D9B7D63C} = {809C7DC4-9F45-455B-B067-2A6B9AF8FB53}
		{6AD8A0C4-E11B-40E3-8F2B-F6F0DFFED640} = {A0A3FA90-7B3C-4D6E-8271-1119C3618FEC}
		{93705BF3-2EE2-43CD-8FCD-AC609D455A8F} = {809C7DC4-9F45-455B-B067-2A6B9AF8FB53}
		{2157280C-94AE-447A-A955-B3E0DEAB3780} = {80D86DC2-E483-4641-9320-B0D92D8E0989}
		{D33AAEAD-11C7-4A5E-8EB9-437BABC6F760} = {80D86DC2-E483-4641-9320-B0D92D8E0989}
		{096499C9-47DC-4E13-8F09-FE406A86E35E} = {80D86DC2-E483-4641-9320-B0D92D8E0989}
		{560D9101-01C3-462E-89BD-ACEE8E2D82BC} = {80D86DC2-E483-4641-9320-B0D92D8E0989}
		{2984352C-9014-4A9B-A249-12F253744758} = {80D86DC2-E483-4641-9320-B0D92D8E0989}
		{96B676FB-7A1A-4D0A-92AC-6F4662B57F15} = {A0A3FA90-7B3C-4D6E-8271-1119C3618FEC}
		{0C02380D-0266-4C28-AF3E-82E70C8A5E91} = {809C7DC4-9F45-455B-B067-2A6B9AF8FB53}
		{32FCD831-E054-4400-AE24-49326C003C5B} = {80D86DC2-E483-4641-9320-B0D92D8E0989}
	EndGlobalSection
	GlobalSection(ExtensibilityGlobals) = postSolution
		SolutionGuid = {B1724A30-1651-427A-BCFE-A212835CF540}
	EndGlobalSection
EndGlobal
