
Microsoft Visual Studio Solution File, Format Version 12.00
# Visual Studio Version 16
VisualStudioVersion = 16.0.32126.315
MinimumVisualStudioVersion = 10.0.40219.1
Project("{00D1A9C2-B5F0-4AF3-8072-F6C62B433612}") = "NorthwindDW", "NorthwindDW\NorthwindDW.sqlproj", "{068FB3B3-3D64-4798-A67A-B031AEEE5122}"
EndProject
Project("{C9674DCB-5085-4A16-B785-4C70DD1589BD}") = "NorthwindETL", "NorthwindETL\NorthwindETL.dtproj", "{1B9381F3-C65C-4882-9473-F68958459EA7}"
EndProject
Project("{F14B399A-7131-4C87-9E4B-1186C45EF12D}") = "Monitoring", "NorthwindPBIRS\Monitoring\Monitoring.rptproj", "{A7EF1BCD-A035-49E4-8702-B27A81186756}"
EndProject
Project("{00D1A9C2-B5F0-4AF3-8072-F6C62B433612}") = "DQS_STAGING_DATA", "DQS_STAGING_DATA\DQS_STAGING_DATA.sqlproj", "{F7B9E19F-A23F-4F3D-98BC-C4E0C008893B}"
EndProject
Project("{2150E333-8FDC-42A3-9474-1A3956D46DE8}") = "cmd", "cmd", "{80D86DC2-E483-4641-9320-B0D92D8E0989}"
	ProjectSection(SolutionItems) = preProject
		cmd\bcp.bat = cmd\bcp.bat
		cmd\CreateDWHusers.bat = cmd\CreateDWHusers.bat
		cmd\CreateRoles.bat = cmd\CreateRoles.bat
		cmd\CreateSSISenvironment.bat = cmd\CreateSSISenvironment.bat
		cmd\ExecuteTestPackage.bat = cmd\ExecuteTestPackage.bat
		cmd\ExecuteTestPackage1.bat = cmd\ExecuteTestPackage1.bat
		cmd\ExportDQS.bat = cmd\ExportDQS.bat
		cmd\ExportMDS.bat = cmd\ExportMDS.bat
		cmd\ImportMDSDQS.bat = cmd\ImportMDSDQS.bat
		cmd\installation.bat = cmd\installation.bat
		cmd\logmanStart.bat = cmd\logmanStart.bat
		cmd\logmanStop.bat = cmd\logmanStop.bat
		cmd\New-LocalUsers.ps1 = cmd\New-LocalUsers.ps1
		cmd\PartitialBackup.ps1 = cmd\PartitialBackup.ps1
		cmd\RefrechSalesV2PBIreport.ps1 = cmd\RefrechSalesV2PBIreport.ps1
		cmd\Runas.bat = cmd\Runas.bat
		cmd\SetFilegroupReadOnly.bat = cmd\SetFilegroupReadOnly.bat
		cmd\SetSSISenvironmentVars.bat = cmd\SetSSISenvironmentVars.bat
	EndProjectSection
EndProject
Project("{00D1A9C2-B5F0-4AF3-8072-F6C62B433612}") = "Landing", "Landing\Landing.sqlproj", "{9A130EFA-5602-4589-8805-1AE8722C7A72}"
EndProject
Project("{2150E333-8FDC-42A3-9474-1A3956D46DE8}") = "Docs", "Docs", "{1FE516DB-1C29-4385-B93E-D7D87B0505F2}"
	ProjectSection(SolutionItems) = preProject
		Docs\DW Hardware Spec.xlsx = Docs\DW Hardware Spec.xlsx
		Docs\Northwind BI Plan with prototype.mpp = Docs\Northwind BI Plan with prototype.mpp
		Docs\Northwind BI Plan.mpp = Docs\Northwind BI Plan.mpp
		Docs\Northwind BI Solution.docx = Docs\Northwind BI Solution.docx
		Docs\Northwind Data Profile.xml = Docs\Northwind Data Profile.xml
		Docs\Source to target mapping.xlsx = Docs\Source to target mapping.xlsx
	EndProjectSection
EndProject
Project("{2150E333-8FDC-42A3-9474-1A3956D46DE8}") = "PBIRS", "PBIRS", "{809C7DC4-9F45-455B-B067-2A6B9AF8FB53}"
	ProjectSection(SolutionItems) = preProject
		NorthwindPBIRS\Sales.pbix = NorthwindPBIRS\Sales.pbix
		NorthwindPBIRS\Sample.pbix = NorthwindPBIRS\Sample.pbix
		NorthwindPBIRS\Template.pbix = NorthwindPBIRS\Template.pbix
	EndProjectSection
EndProject
Project("{2150E333-8FDC-42A3-9474-1A3956D46DE8}") = "Branding", "Branding", "{7FEA7D40-096A-42B1-868B-D9B9D9B7D63C}"
	ProjectSection(SolutionItems) = preProject
		NorthwindPBIRS\Branding\colors.json = NorthwindPBIRS\Branding\colors.json
		NorthwindPBIRS\Branding\logo.png = NorthwindPBIRS\Branding\logo.png
		NorthwindPBIRS\Branding\logo1.png = NorthwindPBIRS\Branding\logo1.png
		NorthwindPBIRS\Branding\logo2.png = NorthwindPBIRS\Branding\logo2.png
		NorthwindPBIRS\Branding\metadata.xml = NorthwindPBIRS\Branding\metadata.xml
		NorthwindPBIRS\Branding\Northwind.zip = NorthwindPBIRS\Branding\Northwind.zip
		NorthwindPBIRS\Branding\PowerBITheme.json = NorthwindPBIRS\Branding\PowerBITheme.json
	EndProjectSection
EndProject
Project("{00D1A9C2-B5F0-4AF3-8072-F6C62B433612}") = "NorthwindLogs", "NorthwindLogs\NorthwindLogs.sqlproj", "{6AD8A0C4-E11B-40E3-8F2B-F6F0DFFED640}"
EndProject
Project("{2150E333-8FDC-42A3-9474-1A3956D46DE8}") = "Sales", "Sales", "{93705BF3-2EE2-43CD-8FCD-AC609D455A8F}"
	ProjectSection(SolutionItems) = preProject
		NorthwindPBIRS\SalesV2.pbix = NorthwindPBIRS\SalesV2.pbix
	EndProjectSection
EndProject
Global
	GlobalSection(SolutionConfigurationPlatforms) = preSolution
		Debug|Any CPU = Debug|Any CPU
		Release|Any CPU = Release|Any CPU
	EndGlobalSection
	GlobalSection(ProjectConfigurationPlatforms) = postSolution
		{068FB3B3-3D64-4798-A67A-B031AEEE5122}.Debug|Any CPU.ActiveCfg = Release|Any CPU
		{068FB3B3-3D64-4798-A67A-B031AEEE5122}.Debug|Any CPU.Build.0 = Release|Any CPU
		{068FB3B3-3D64-4798-A67A-B031AEEE5122}.Debug|Any CPU.Deploy.0 = Release|Any CPU
		{068FB3B3-3D64-4798-A67A-B031AEEE5122}.Release|Any CPU.ActiveCfg = Release|Any CPU
		{068FB3B3-3D64-4798-A67A-B031AEEE5122}.Release|Any CPU.Build.0 = Release|Any CPU
		{068FB3B3-3D64-4798-A67A-B031AEEE5122}.Release|Any CPU.Deploy.0 = Release|Any CPU
		{1B9381F3-C65C-4882-9473-F68958459EA7}.Debug|Any CPU.ActiveCfg = Release
		{1B9381F3-C65C-4882-9473-F68958459EA7}.Debug|Any CPU.Build.0 = Release
		{1B9381F3-C65C-4882-9473-F68958459EA7}.Release|Any CPU.ActiveCfg = Release
		{1B9381F3-C65C-4882-9473-F68958459EA7}.Release|Any CPU.Build.0 = Release
		{A7EF1BCD-A035-49E4-8702-B27A81186756}.Debug|Any CPU.ActiveCfg = 
		{A7EF1BCD-A035-49E4-8702-B27A81186756}.Debug|Any CPU.Build.0 = 
		{A7EF1BCD-A035-49E4-8702-B27A81186756}.Debug|Any CPU.Deploy.0 = 
		{A7EF1BCD-A035-49E4-8702-B27A81186756}.Release|Any CPU.ActiveCfg = Release
		{A7EF1BCD-A035-49E4-8702-B27A81186756}.Release|Any CPU.Build.0 = Release
		{A7EF1BCD-A035-49E4-8702-B27A81186756}.Release|Any CPU.Deploy.0 = Release
		{F7B9E19F-A23F-4F3D-98BC-C4E0C008893B}.Debug|Any CPU.ActiveCfg = Release|Any CPU
		{F7B9E19F-A23F-4F3D-98BC-C4E0C008893B}.Debug|Any CPU.Build.0 = Release|Any CPU
		{F7B9E19F-A23F-4F3D-98BC-C4E0C008893B}.Debug|Any CPU.Deploy.0 = Release|Any CPU
		{F7B9E19F-A23F-4F3D-98BC-C4E0C008893B}.Release|Any CPU.ActiveCfg = Release|Any CPU
		{F7B9E19F-A23F-4F3D-98BC-C4E0C008893B}.Release|Any CPU.Build.0 = Release|Any CPU
		{F7B9E19F-A23F-4F3D-98BC-C4E0C008893B}.Release|Any CPU.Deploy.0 = Release|Any CPU
		{9A130EFA-5602-4589-8805-1AE8722C7A72}.Debug|Any CPU.ActiveCfg = Debug|Any CPU
		{9A130EFA-5602-4589-8805-1AE8722C7A72}.Debug|Any CPU.Build.0 = Debug|Any CPU
		{9A130EFA-5602-4589-8805-1AE8722C7A72}.Debug|Any CPU.Deploy.0 = Debug|Any CPU
		{9A130EFA-5602-4589-8805-1AE8722C7A72}.Release|Any CPU.ActiveCfg = Release|Any CPU
		{9A130EFA-5602-4589-8805-1AE8722C7A72}.Release|Any CPU.Build.0 = Release|Any CPU
		{9A130EFA-5602-4589-8805-1AE8722C7A72}.Release|Any CPU.Deploy.0 = Release|Any CPU
		{6AD8A0C4-E11B-40E3-8F2B-F6F0DFFED640}.Debug|Any CPU.ActiveCfg = Release|Any CPU
		{6AD8A0C4-E11B-40E3-8F2B-F6F0DFFED640}.Debug|Any CPU.Build.0 = Release|Any CPU
		{6AD8A0C4-E11B-40E3-8F2B-F6F0DFFED640}.Debug|Any CPU.Deploy.0 = Release|Any CPU
		{6AD8A0C4-E11B-40E3-8F2B-F6F0DFFED640}.Release|Any CPU.ActiveCfg = Release|Any CPU
		{6AD8A0C4-E11B-40E3-8F2B-F6F0DFFED640}.Release|Any CPU.Build.0 = Release|Any CPU
		{6AD8A0C4-E11B-40E3-8F2B-F6F0DFFED640}.Release|Any CPU.Deploy.0 = Release|Any CPU
	EndGlobalSection
	GlobalSection(SolutionProperties) = preSolution
		HideSolutionNode = FALSE
	EndGlobalSection
	GlobalSection(NestedProjects) = preSolution
		{7FEA7D40-096A-42B1-868B-D9B9D9B7D63C} = {809C7DC4-9F45-455B-B067-2A6B9AF8FB53}
		{93705BF3-2EE2-43CD-8FCD-AC609D455A8F} = {809C7DC4-9F45-455B-B067-2A6B9AF8FB53}
	EndGlobalSection
	GlobalSection(ExtensibilityGlobals) = postSolution
		SolutionGuid = {B1724A30-1651-427A-BCFE-A212835CF540}
	EndGlobalSection
EndGlobal
