
Microsoft Visual Studio Solution File, Format Version 12.00
# Visual Studio Version 17
VisualStudioVersion = 17.11.35222.181
MinimumVisualStudioVersion = 10.0.40219.1
Project("{FAE04EC0-301F-11D3-BF4B-00C04F79EFBC}") = "NorthwindDWTest", "NorthwindDWTest\NorthwindDWTest.csproj", "{96B676FB-7A1A-4D0A-92AC-6F4662B57F15}"
EndProject
Project("{FAE04EC0-301F-11D3-BF4B-00C04F79EFBC}") = "FunctionalETLTest", "FunctionalETLTest\FunctionalETLTest.csproj", "{578A36E7-B5AE-4A1B-9170-56D591E102E0}"
EndProject
Project("{FAE04EC0-301F-11D3-BF4B-00C04F79EFBC}") = "NorthwindLogsTest", "NorthwindLogsTest\NorthwindLogsTest.csproj", "{5D779830-FC2D-4BDA-AFC6-0F7ACE9B96FD}"
EndProject
Global
	GlobalSection(SolutionConfigurationPlatforms) = preSolution
		Debug|Any CPU = Debug|Any CPU
		Release|Any CPU = Release|Any CPU
		Test|Any CPU = Test|Any CPU
	EndGlobalSection
	GlobalSection(ProjectConfigurationPlatforms) = postSolution
		{96B676FB-7A1A-4D0A-92AC-6F4662B57F15}.Debug|Any CPU.ActiveCfg = Debug|Any CPU
		{96B676FB-7A1A-4D0A-92AC-6F4662B57F15}.Debug|Any CPU.Build.0 = Debug|Any CPU
		{96B676FB-7A1A-4D0A-92AC-6F4662B57F15}.Release|Any CPU.ActiveCfg = Release|Any CPU
		{96B676FB-7A1A-4D0A-92AC-6F4662B57F15}.Release|Any CPU.Build.0 = Release|Any CPU
		{96B676FB-7A1A-4D0A-92AC-6F4662B57F15}.Test|Any CPU.ActiveCfg = Test|Any CPU
		{96B676FB-7A1A-4D0A-92AC-6F4662B57F15}.Test|Any CPU.Build.0 = Test|Any CPU
		{578A36E7-B5AE-4A1B-9170-56D591E102E0}.Debug|Any CPU.ActiveCfg = Debug|Any CPU
		{578A36E7-B5AE-4A1B-9170-56D591E102E0}.Debug|Any CPU.Build.0 = Debug|Any CPU
		{578A36E7-B5AE-4A1B-9170-56D591E102E0}.Release|Any CPU.ActiveCfg = Release|Any CPU
		{578A36E7-B5AE-4A1B-9170-56D591E102E0}.Release|Any CPU.Build.0 = Release|Any CPU
		{578A36E7-B5AE-4A1B-9170-56D591E102E0}.Test|Any CPU.ActiveCfg = Test|Any CPU
		{578A36E7-B5AE-4A1B-9170-56D591E102E0}.Test|Any CPU.Build.0 = Test|Any CPU
		{5D779830-FC2D-4BDA-AFC6-0F7ACE9B96FD}.Debug|Any CPU.ActiveCfg = Debug|Any CPU
		{5D779830-FC2D-4BDA-AFC6-0F7ACE9B96FD}.Debug|Any CPU.Build.0 = Debug|Any CPU
		{5D779830-FC2D-4BDA-AFC6-0F7ACE9B96FD}.Release|Any CPU.ActiveCfg = Release|Any CPU
		{5D779830-FC2D-4BDA-AFC6-0F7ACE9B96FD}.Release|Any CPU.Build.0 = Release|Any CPU
		{5D779830-FC2D-4BDA-AFC6-0F7ACE9B96FD}.Test|Any CPU.ActiveCfg = Test|Any CPU
		{5D779830-FC2D-4BDA-AFC6-0F7ACE9B96FD}.Test|Any CPU.Build.0 = Test|Any CPU
	EndGlobalSection
	GlobalSection(SolutionProperties) = preSolution
		HideSolutionNode = FALSE
	EndGlobalSection
	GlobalSection(ExtensibilityGlobals) = postSolution
		SolutionGuid = {49468DE0-ED9D-47D5-9C84-DCC4333537A2}
	EndGlobalSection
EndGlobal
